
Microsoft Visual Studio Solution File, Format Version 12.00
# Visual Studio Version 16
VisualStudioVersion = 16.0.30804.86
MinimumVisualStudioVersion = 10.0.40219.1
Project("{FAE04EC0-301F-11D3-BF4B-00C04F79EFBC}") = "CodeChallenges1-4", "CodeChallenges1-4\CodeChallenges1-4.csproj", "{400E06D5-03BE-4EC6-9BFA-A0F43F60F13A}"
EndProject
Global
	GlobalSection(SolutionConfigurationPlatforms) = preSolution
		Debug|Any CPU = Debug|Any CPU
		Release|Any CPU = Release|Any CPU
	EndGlobalSection
	GlobalSection(ProjectConfigurationPlatforms) = postSolution
		{400E06D5-03BE-4EC6-9BFA-A0F43F60F13A}.Debug|Any CPU.ActiveCfg = Debug|Any CPU
		{400E06D5-03BE-4EC6-9BFA-A0F43F60F13A}.Debug|Any CPU.Build.0 = Debug|Any CPU
		{400E06D5-03BE-4EC6-9BFA-A0F43F60F13A}.Release|Any CPU.ActiveCfg = Release|Any CPU
		{400E06D5-03BE-4EC6-9BFA-A0F43F60F13A}.Release|Any CPU.Build.0 = Release|Any CPU
	EndGlobalSection
	GlobalSection(SolutionProperties) = preSolution
		HideSolutionNode = FALSE
	EndGlobalSection
	GlobalSection(ExtensibilityGlobals) = postSolution
		SolutionGuid = {7AAAEC28-EFB8-43C4-ADEC-0072C6F18DED}
	EndGlobalSection
EndGlobal
